
Microsoft Visual Studio Solution File, Format Version 12.00
# Visual Studio Version 16
VisualStudioVersion = 16.0.31320.298
MinimumVisualStudioVersion = 10.0.40219.1
Project("{9A19103F-16F7-4668-BE54-9A1E7A4F7556}") = "WebApp", "WebApp\WebApp.csproj", "{C6DDB466-DAFC-4D79-A649-F20E65A35C47}"
EndProject
Global
	GlobalSection(SolutionConfigurationPlatforms) = preSolution
		Debug|Any CPU = Debug|Any CPU
		Release|Any CPU = Release|Any CPU
	EndGlobalSection
	GlobalSection(ProjectConfigurationPlatforms) = postSolution
		{C6DDB466-DAFC-4D79-A649-F20E65A35C47}.Debug|Any CPU.ActiveCfg = Debug|Any CPU
		{C6DDB466-DAFC-4D79-A649-F20E65A35C47}.Debug|Any CPU.Build.0 = Debug|Any CPU
		{C6DDB466-DAFC-4D79-A649-F20E65A35C47}.Release|Any CPU.ActiveCfg = Release|Any CPU
		{C6DDB466-DAFC-4D79-A649-F20E65A35C47}.Release|Any CPU.Build.0 = Release|Any CPU
	EndGlobalSection
	GlobalSection(SolutionProperties) = preSolution
		HideSolutionNode = FALSE
	EndGlobalSection
	GlobalSection(ExtensibilityGlobals) = postSolution
		SolutionGuid = {DA8BFFDE-1E89-4948-96C0-6736129BF36E}
	EndGlobalSection
EndGlobal
